
Microsoft Visual Studio Solution File, Format Version 12.00
# Visual Studio Version 17
VisualStudioVersion = 17.10.35122.118
MinimumVisualStudioVersion = 10.0.40219.1
Project("{FAE04EC0-301F-11D3-BF4B-00C04F79EFBC}") = "RATELIMITAPPDEMO", "RATELIMITAPPDEMO\RATELIMITAPPDEMO.csproj", "{44E980C3-C5F8-4523-97AC-3FCF3A4FBE8D}"
EndProject
Global
	GlobalSection(SolutionConfigurationPlatforms) = preSolution
		Debug|Any CPU = Debug|Any CPU
		Release|Any CPU = Release|Any CPU
	EndGlobalSection
	GlobalSection(ProjectConfigurationPlatforms) = postSolution
		{44E980C3-C5F8-4523-97AC-3FCF3A4FBE8D}.Debug|Any CPU.ActiveCfg = Debug|Any CPU
		{44E980C3-C5F8-4523-97AC-3FCF3A4FBE8D}.Debug|Any CPU.Build.0 = Debug|Any CPU
		{44E980C3-C5F8-4523-97AC-3FCF3A4FBE8D}.Release|Any CPU.ActiveCfg = Release|Any CPU
		{44E980C3-C5F8-4523-97AC-3FCF3A4FBE8D}.Release|Any CPU.Build.0 = Release|Any CPU
	EndGlobalSection
	GlobalSection(SolutionProperties) = preSolution
		HideSolutionNode = FALSE
	EndGlobalSection
	GlobalSection(ExtensibilityGlobals) = postSolution
		SolutionGuid = {65AD1355-36F6-4252-A124-8C4DEE58B724}
	EndGlobalSection
EndGlobal
